// !$*UTF8*$!
{
	archiveVersion = 1;
	classes = {
	};
	objectVersion = 46;
	objects = {

/* Begin PBXBuildFile section */
		5BF14D101E1346B500EEC213 /* bot_interface.cpp in Sources */ = {isa = PBXBuildFile; fileRef = 5BF14D0A1E1346B500EEC213 /* bot_interface.cpp */; };
		5BF14D111E1346B500EEC213 /* BotBase.cpp in Sources */ = {isa = PBXBuildFile; fileRef = 5BF14D0C1E1346B500EEC213 /* BotBase.cpp */; };
		5BF14D121E1346B500EEC213 /* StupidBot.cpp in Sources */ = {isa = PBXBuildFile; fileRef = 5BF14D0E1E1346B500EEC213 /* StupidBot.cpp */; };
		5BF14D141E1346C100EEC213 /* main.cpp in Sources */ = {isa = PBXBuildFile; fileRef = 5BF14D131E1346C100EEC213 /* main.cpp */; };
/* End PBXBuildFile section */

/* Begin PBXCopyFilesBuildPhase section */
		5BF14CFE1E13466F00EEC213 /* CopyFiles */ = {
			isa = PBXCopyFilesBuildPhase;
			buildActionMask = 2147483647;
			dstPath = /usr/share/man/man1/;
			dstSubfolderSpec = 0;
			files = (
			);
			runOnlyForDeploymentPostprocessing = 1;
		};
/* End PBXCopyFilesBuildPhase section */

/* Begin PBXFileReference section */
		5BF14D001E13466F00EEC213 /* DBot */ = {isa = PBXFileReference; explicitFileType = "compiled.mach-o.executable"; includeInIndex = 0; path = DBot; sourceTree = BUILT_PRODUCTS_DIR; };
		5BF14D0A1E1346B500EEC213 /* bot_interface.cpp */ = {isa = PBXFileReference; fileEncoding = 4; lastKnownFileType = sourcecode.cpp.cpp; path = bot_interface.cpp; sourceTree = "<group>"; };
		5BF14D0B1E1346B500EEC213 /* bot_interface.h */ = {isa = PBXFileReference; fileEncoding = 4; lastKnownFileType = sourcecode.c.h; path = bot_interface.h; sourceTree = "<group>"; };
		5BF14D0C1E1346B500EEC213 /* BotBase.cpp */ = {isa = PBXFileReference; fileEncoding = 4; lastKnownFileType = sourcecode.cpp.cpp; path = BotBase.cpp; sourceTree = "<group>"; };
		5BF14D0D1E1346B500EEC213 /* BotBase.h */ = {isa = PBXFileReference; fileEncoding = 4; lastKnownFileType = sourcecode.c.h; path = BotBase.h; sourceTree = "<group>"; };
		5BF14D0E1E1346B500EEC213 /* StupidBot.cpp */ = {isa = PBXFileReference; fileEncoding = 4; lastKnownFileType = sourcecode.cpp.cpp; path = StupidBot.cpp; sourceTree = "<group>"; };
		5BF14D0F1E1346B500EEC213 /* StupidBot.h */ = {isa = PBXFileReference; fileEncoding = 4; lastKnownFileType = sourcecode.c.h; path = StupidBot.h; sourceTree = "<group>"; };
		5BF14D131E1346C100EEC213 /* main.cpp */ = {isa = PBXFileReference; fileEncoding = 4; lastKnownFileType = sourcecode.cpp.cpp; path = main.cpp; sourceTree = "<group>"; };
/* End PBXFileReference section */

/* Begin PBXFrameworksBuildPhase section */
		5BF14CFD1E13466F00EEC213 /* Frameworks */ = {
			isa = PBXFrameworksBuildPhase;
			buildActionMask = 2147483647;
			files = (
			);
			runOnlyForDeploymentPostprocessing = 0;
		};
/* End PBXFrameworksBuildPhase section */

/* Begin PBXGroup section */
		5BF14CF71E13466F00EEC213 = {
			isa = PBXGroup;
			children = (
				5BF14D021E13466F00EEC213 /* DBot */,
				5BF14D011E13466F00EEC213 /* Products */,
			);
			sourceTree = "<group>";
		};
		5BF14D011E13466F00EEC213 /* Products */ = {
			isa = PBXGroup;
			children = (
				5BF14D001E13466F00EEC213 /* DBot */,
			);
			name = Products;
			sourceTree = "<group>";
		};
		5BF14D021E13466F00EEC213 /* DBot */ = {
			isa = PBXGroup;
			children = (
				5BF14D131E1346C100EEC213 /* main.cpp */,
				5BF14D0A1E1346B500EEC213 /* bot_interface.cpp */,
				5BF14D0B1E1346B500EEC213 /* bot_interface.h */,
				5BF14D0C1E1346B500EEC213 /* BotBase.cpp */,
				5BF14D0D1E1346B500EEC213 /* BotBase.h */,
				5BF14D0E1E1346B500EEC213 /* StupidBot.cpp */,
				5BF14D0F1E1346B500EEC213 /* StupidBot.h */,
			);
			path = DBot;
			sourceTree = "<group>";
		};
/* End PBXGroup section */

/* Begin PBXNativeTarget section */
		5BF14CFF1E13466F00EEC213 /* DBot */ = {
			isa = PBXNativeTarget;
			buildConfigurationList = 5BF14D071E13466F00EEC213 /* Build configuration list for PBXNativeTarget "DBot" */;
			buildPhases = (
				5BF14CFC1E13466F00EEC213 /* Sources */,
				5BF14CFD1E13466F00EEC213 /* Frameworks */,
				5BF14CFE1E13466F00EEC213 /* CopyFiles */,
			);
			buildRules = (
			);
			dependencies = (
			);
			name = DBot;
			productName = DBot;
			productReference = 5BF14D001E13466F00EEC213 /* DBot */;
			productType = "com.apple.product-type.tool";
		};
/* End PBXNativeTarget section */

/* Begin PBXProject section */
		5BF14CF81E13466F00EEC213 /* Project object */ = {
			isa = PBXProject;
			attributes = {
				LastUpgradeCheck = 0810;
				ORGANIZATIONNAME = urbbox.bynd;
				TargetAttributes = {
					5BF14CFF1E13466F00EEC213 = {
						CreatedOnToolsVersion = 8.1;
						ProvisioningStyle = Automatic;
					};
				};
			};
			buildConfigurationList = 5BF14CFB1E13466F00EEC213 /* Build configuration list for PBXProject "DBot" */;
			compatibilityVersion = "Xcode 3.2";
			developmentRegion = English;
			hasScannedForEncodings = 0;
			knownRegions = (
				en,
			);
			mainGroup = 5BF14CF71E13466F00EEC213;
			productRefGroup = 5BF14D011E13466F00EEC213 /* Products */;
			projectDirPath = "";
			projectRoot = "";
			targets = (
				5BF14CFF1E13466F00EEC213 /* DBot */,
			);
		};
/* End PBXProject section */

/* Begin PBXSourcesBuildPhase section */
		5BF14CFC1E13466F00EEC213 /* Sources */ = {
			isa = PBXSourcesBuildPhase;
			buildActionMask = 2147483647;
			files = (
				5BF14D121E1346B500EEC213 /* StupidBot.cpp in Sources */,
				5BF14D111E1346B500EEC213 /* BotBase.cpp in Sources */,
				5BF14D141E1346C100EEC213 /* main.cpp in Sources */,
				5BF14D101E1346B500EEC213 /* bot_interface.cpp in Sources */,
			);
			runOnlyForDeploymentPostprocessing = 0;
		};
/* End PBXSourcesBuildPhase section */

/* Begin XCBuildConfiguration section */
		5BF14D051E13466F00EEC213 /* Debug */ = {
			isa = XCBuildConfiguration;
			buildSettings = {
				ALWAYS_SEARCH_USER_PATHS = NO;
				CLANG_ANALYZER_NONNULL = YES;
				CLANG_CXX_LANGUAGE_STANDARD = "gnu++0x";
				CLANG_CXX_LIBRARY = "libc++";
				CLANG_ENABLE_MODULES = YES;
				CLANG_ENABLE_OBJC_ARC = YES;
				CLANG_WARN_BOOL_CONVERSION = YES;
				CLANG_WARN_CONSTANT_CONVERSION = YES;
				CLANG_WARN_DIRECT_OBJC_ISA_USAGE = YES_ERROR;
				CLANG_WARN_DOCUMENTATION_COMMENTS = YES;
				CLANG_WARN_EMPTY_BODY = YES;
				CLANG_WARN_ENUM_CONVERSION = YES;
				CLANG_WARN_INFINITE_RECURSION = YES;
				CLANG_WARN_INT_CONVERSION = YES;
				CLANG_WARN_OBJC_ROOT_CLASS = YES_ERROR;
				CLANG_WARN_SUSPICIOUS_MOVES = YES;
				CLANG_WARN_UNREACHABLE_CODE = YES;
				CLANG_WARN__DUPLICATE_METHOD_MATCH = YES;
				CODE_SIGN_IDENTITY = "-";
				COPY_PHASE_STRIP = NO;
				DEBUG_INFORMATION_FORMAT = dwarf;
				ENABLE_STRICT_OBJC_MSGSEND = YES;
				ENABLE_TESTABILITY = YES;
				GCC_C_LANGUAGE_STANDARD = gnu99;
				GCC_DYNAMIC_NO_PIC = NO;
				GCC_NO_COMMON_BLOCKS = YES;
				GCC_OPTIMIZATION_LEVEL = 0;
				GCC_PREPROCESSOR_DEFINITIONS = (
					"DEBUG=1",
					"$(inherited)",
				);
				GCC_WARN_64_TO_32_BIT_CONVERSION = YES;
				GCC_WARN_ABOUT_RETURN_TYPE = YES_ERROR;
				GCC_WARN_UNDECLARED_SELECTOR = YES;
				GCC_WARN_UNINITIALIZED_AUTOS = YES_AGGRESSIVE;
				GCC_WARN_UNUSED_FUNCTION = YES;
				GCC_WARN_UNUSED_VARIABLE = YES;
				MACOSX_DEPLOYMENT_TARGET = 10.11;
				MTL_ENABLE_DEBUG_INFO = YES;
				ONLY_ACTIVE_ARCH = YES;
				SDKROOT = macosx;
			};
			name = Debug;
		};
		5BF14D061E13466F00EEC213 /* Release */ = {
			isa = XCBuildConfiguration;
			buildSettings = {
				ALWAYS_SEARCH_USER_PATHS = NO;
				CLANG_ANALYZER_NONNULL = YES;
				CLANG_CXX_LANGUAGE_STANDARD = "gnu++0x";
				CLANG_CXX_LIBRARY = "libc++";
				CLANG_ENABLE_MODULES = YES;
				CLANG_ENABLE_OBJC_ARC = YES;
				CLANG_WARN_BOOL_CONVERSION = YES;
				CLANG_WARN_CONSTANT_CONVERSION = YES;
				CLANG_WARN_DIRECT_OBJC_ISA_USAGE = YES_ERROR;
				CLANG_WARN_DOCUMENTATION_COMMENTS = YES;
				CLANG_WARN_EMPTY_BODY = YES;
				CLANG_WARN_ENUM_CONVERSION = YES;
				CLANG_WARN_INFINITE_RECURSION = YES;
				CLANG_WARN_INT_CONVERSION = YES;
				CLANG_WARN_OBJC_ROOT_CLASS = YES_ERROR;
				CLANG_WARN_SUSPICIOUS_MOVES = YES;
				CLANG_WARN_UNREACHABLE_CODE = YES;
				CLANG_WARN__DUPLICATE_METHOD_MATCH = YES;
				CODE_SIGN_IDENTITY = "-";
				COPY_PHASE_STRIP = NO;
				DEBUG_INFORMATION_FORMAT = "dwarf-with-dsym";
				ENABLE_NS_ASSERTIONS = NO;
				ENABLE_STRICT_OBJC_MSGSEND = YES;
				GCC_C_LANGUAGE_STANDARD = gnu99;
				GCC_NO_COMMON_BLOCKS = YES;
				GCC_WARN_64_TO_32_BIT_CONVERSION = YES;
				GCC_WARN_ABOUT_RETURN_TYPE = YES_ERROR;
				GCC_WARN_UNDECLARED_SELECTOR = YES;
				GCC_WARN_UNINITIALIZED_AUTOS = YES_AGGRESSIVE;
				GCC_WARN_UNUSED_FUNCTION = YES;
				GCC_WARN_UNUSED_VARIABLE = YES;
				MACOSX_DEPLOYMENT_TARGET = 10.11;
				MTL_ENABLE_DEBUG_INFO = NO;
				SDKROOT = macosx;
			};
			name = Release;
		};
		5BF14D081E13466F00EEC213 /* Debug */ = {
			isa = XCBuildConfiguration;
			buildSettings = {
				PRODUCT_NAME = "$(TARGET_NAME)";
			};
			name = Debug;
		};
		5BF14D091E13466F00EEC213 /* Release */ = {
			isa = XCBuildConfiguration;
			buildSettings = {
				PRODUCT_NAME = "$(TARGET_NAME)";
			};
			name = Release;
		};
/* End XCBuildConfiguration section */

/* Begin XCConfigurationList section */
		5BF14CFB1E13466F00EEC213 /* Build configuration list for PBXProject "DBot" */ = {
			isa = XCConfigurationList;
			buildConfigurations = (
				5BF14D051E13466F00EEC213 /* Debug */,
				5BF14D061E13466F00EEC213 /* Release */,
			);
			defaultConfigurationIsVisible = 0;
			defaultConfigurationName = Release;
		};
		5BF14D071E13466F00EEC213 /* Build configuration list for PBXNativeTarget "DBot" */ = {
			isa = XCConfigurationList;
			buildConfigurations = (
				5BF14D081E13466F00EEC213 /* Debug */,
				5BF14D091E13466F00EEC213 /* Release */,
			);
			defaultConfigurationIsVisible = 0;
		};
/* End XCConfigurationList section */
	};
	rootObject = 5BF14CF81E13466F00EEC213 /* Project object */;
}
